
Microsoft Visual Studio Solution File, Format Version 12.00
# Visual Studio 15
Project("{FAE04EC0-301F-11D3-BF4B-00C04F79EFBC}") = "Assembly-CSharp", "Assembly-CSharp.csproj", "{A00B3319-F0E0-363F-4D32-3775724D5B66}"
EndProject
Project("{FAE04EC0-301F-11D3-BF4B-00C04F79EFBC}") = "Assembly-CSharp-Editor", "Assembly-CSharp-Editor.csproj", "{92385A3A-44CB-ECA0-ABF9-8915A1108787}"
EndProject
Global
	GlobalSection(SolutionConfigurationPlatforms) = preSolution
		Debug|Any CPU = Debug|Any CPU
		Release|Any CPU = Release|Any CPU
	EndGlobalSection
	GlobalSection(ProjectConfigurationPlatforms) = postSolution
		{A00B3319-F0E0-363F-4D32-3775724D5B66}.Debug|Any CPU.ActiveCfg = Debug|Any CPU
		{A00B3319-F0E0-363F-4D32-3775724D5B66}.Debug|Any CPU.Build.0 = Debug|Any CPU
		{A00B3319-F0E0-363F-4D32-3775724D5B66}.Release|Any CPU.ActiveCfg = Release|Any CPU
		{A00B3319-F0E0-363F-4D32-3775724D5B66}.Release|Any CPU.Build.0 = Release|Any CPU
		{92385A3A-44CB-ECA0-ABF9-8915A1108787}.Debug|Any CPU.ActiveCfg = Debug|Any CPU
		{92385A3A-44CB-ECA0-ABF9-8915A1108787}.Debug|Any CPU.Build.0 = Debug|Any CPU
		{92385A3A-44CB-ECA0-ABF9-8915A1108787}.Release|Any CPU.ActiveCfg = Release|Any CPU
		{92385A3A-44CB-ECA0-ABF9-8915A1108787}.Release|Any CPU.Build.0 = Release|Any CPU
	EndGlobalSection
	GlobalSection(SolutionProperties) = preSolution
		HideSolutionNode = FALSE
	EndGlobalSection
EndGlobal
